
Microsoft Visual Studio Solution File, Format Version 12.00
# Visual Studio Version 17
VisualStudioVersion = 17.14.37328.6 d17.14
MinimumVisualStudioVersion = 10.0.40219.1
Project("{FAE04EC0-301F-11D3-BF4B-00C04F79EFBC}") = "TaskManagerAPI.Tests", "TaskManagerAPI.Tests.csproj", "{4CBF7455-0E61-408B-B55F-3980FA6573EC}"
EndProject
Global
	GlobalSection(SolutionConfigurationPlatforms) = preSolution
		Debug|Any CPU = Debug|Any CPU
		Release|Any CPU = Release|Any CPU
	EndGlobalSection
	GlobalSection(ProjectConfigurationPlatforms) = postSolution
		{4CBF7455-0E61-408B-B55F-3980FA6573EC}.Debug|Any CPU.ActiveCfg = Debug|Any CPU
		{4CBF7455-0E61-408B-B55F-3980FA6573EC}.Debug|Any CPU.Build.0 = Debug|Any CPU
		{4CBF7455-0E61-408B-B55F-3980FA6573EC}.Release|Any CPU.ActiveCfg = Release|Any CPU
		{4CBF7455-0E61-408B-B55F-3980FA6573EC}.Release|Any CPU.Build.0 = Release|Any CPU
	EndGlobalSection
	GlobalSection(SolutionProperties) = preSolution
		HideSolutionNode = FALSE
	EndGlobalSection
	GlobalSection(ExtensibilityGlobals) = postSolution
		SolutionGuid = {923B1411-1B7B-4021-BA4D-3CAD9AF36578}
	EndGlobalSection
EndGlobal
